// !$*UTF8*$!
{
	archiveVersion = 1;
	classes = {
	};
	objectVersion = 46;
	objects = {

/* Begin PBXBuildFile section */
		EC1A87E71D9603D60006463F /* main.m in Sources */ = {isa = PBXBuildFile; fileRef = EC1A87E61D9603D60006463F /* main.m */; };
		EC1A87EA1D9603D60006463F /* AppDelegate.m in Sources */ = {isa = PBXBuildFile; fileRef = EC1A87E91D9603D60006463F /* AppDelegate.m */; };
		EC1A87ED1D9603D60006463F /* MasterViewController.m in Sources */ = {isa = PBXBuildFile; fileRef = EC1A87EC1D9603D60006463F /* MasterViewController.m */; };
		EC1A87F01D9603D60006463F /* DetailViewController.m in Sources */ = {isa = PBXBuildFile; fileRef = EC1A87EF1D9603D60006463F /* DetailViewController.m */; };
		EC1A87F31D9603D60006463F /* Main.storyboard in Resources */ = {isa = PBXBuildFile; fileRef = EC1A87F11D9603D60006463F /* Main.storyboard */; };
		EC1A87F51D9603D60006463F /* Assets.xcassets in Resources */ = {isa = PBXBuildFile; fileRef = EC1A87F41D9603D60006463F /* Assets.xcassets */; };
		EC1A87F81D9603D60006463F /* LaunchScreen.storyboard in Resources */ = {isa = PBXBuildFile; fileRef = EC1A87F61D9603D60006463F /* LaunchScreen.storyboard */; };
		EC1A88031D9603D60006463F /* CleanFlightTests.m in Sources */ = {isa = PBXBuildFile; fileRef = EC1A88021D9603D60006463F /* CleanFlightTests.m */; };
		EC1A880E1D9603D60006463F /* CleanFlightUITests.m in Sources */ = {isa = PBXBuildFile; fileRef = EC1A880D1D9603D60006463F /* CleanFlightUITests.m */; };
/* End PBXBuildFile section */

/* Begin PBXContainerItemProxy section */
		EC1A87FF1D9603D60006463F /* PBXContainerItemProxy */ = {
			isa = PBXContainerItemProxy;
			containerPortal = EC1A87DA1D9603D60006463F /* Project object */;
			proxyType = 1;
			remoteGlobalIDString = EC1A87E11D9603D60006463F;
			remoteInfo = CleanFlight;
		};
		EC1A880A1D9603D60006463F /* PBXContainerItemProxy */ = {
			isa = PBXContainerItemProxy;
			containerPortal = EC1A87DA1D9603D60006463F /* Project object */;
			proxyType = 1;
			remoteGlobalIDString = EC1A87E11D9603D60006463F;
			remoteInfo = CleanFlight;
		};
/* End PBXContainerItemProxy section */

/* Begin PBXFileReference section */
		EC1A87E21D9603D60006463F /* CleanFlight.app */ = {isa = PBXFileReference; explicitFileType = wrapper.application; includeInIndex = 0; path = CleanFlight.app; sourceTree = BUILT_PRODUCTS_DIR; };
		EC1A87E61D9603D60006463F /* main.m */ = {isa = PBXFileReference; lastKnownFileType = sourcecode.c.objc; path = main.m; sourceTree = "<group>"; };
		EC1A87E81D9603D60006463F /* AppDelegate.h */ = {isa = PBXFileReference; lastKnownFileType = sourcecode.c.h; path = AppDelegate.h; sourceTree = "<group>"; };
		EC1A87E91D9603D60006463F /* AppDelegate.m */ = {isa = PBXFileReference; lastKnownFileType = sourcecode.c.objc; path = AppDelegate.m; sourceTree = "<group>"; };
		EC1A87EB1D9603D60006463F /* MasterViewController.h */ = {isa = PBXFileReference; lastKnownFileType = sourcecode.c.h; path = MasterViewController.h; sourceTree = "<group>"; };
		EC1A87EC1D9603D60006463F /* MasterViewController.m */ = {isa = PBXFileReference; lastKnownFileType = sourcecode.c.objc; path = MasterViewController.m; sourceTree = "<group>"; };
		EC1A87EE1D9603D60006463F /* DetailViewController.h */ = {isa = PBXFileReference; lastKnownFileType = sourcecode.c.h; path = DetailViewController.h; sourceTree = "<group>"; };
		EC1A87EF1D9603D60006463F /* DetailViewController.m */ = {isa = PBXFileReference; lastKnownFileType = sourcecode.c.objc; path = DetailViewController.m; sourceTree = "<group>"; };
		EC1A87F21D9603D60006463F /* Base */ = {isa = PBXFileReference; lastKnownFileType = file.storyboard; name = Base; path = Base.lproj/Main.storyboard; sourceTree = "<group>"; };
		EC1A87F41D9603D60006463F /* Assets.xcassets */ = {isa = PBXFileReference; lastKnownFileType = folder.assetcatalog; path = Assets.xcassets; sourceTree = "<group>"; };
		EC1A87F71D9603D60006463F /* Base */ = {isa = PBXFileReference; lastKnownFileType = file.storyboard; name = Base; path = Base.lproj/LaunchScreen.storyboard; sourceTree = "<group>"; };
		EC1A87F91D9603D60006463F /* Info.plist */ = {isa = PBXFileReference; lastKnownFileType = text.plist.xml; path = Info.plist; sourceTree = "<group>"; };
		EC1A87FE1D9603D60006463F /* CleanFlightTests.xctest */ = {isa = PBXFileReference; explicitFileType = wrapper.cfbundle; includeInIndex = 0; path = CleanFlightTests.xctest; sourceTree = BUILT_PRODUCTS_DIR; };
		EC1A88021D9603D60006463F /* CleanFlightTests.m */ = {isa = PBXFileReference; lastKnownFileType = sourcecode.c.objc; path = CleanFlightTests.m; sourceTree = "<group>"; };
		EC1A88041D9603D60006463F /* Info.plist */ = {isa = PBXFileReference; lastKnownFileType = text.plist.xml; path = Info.plist; sourceTree = "<group>"; };
		EC1A88091D9603D60006463F /* CleanFlightUITests.xctest */ = {isa = PBXFileReference; explicitFileType = wrapper.cfbundle; includeInIndex = 0; path = CleanFlightUITests.xctest; sourceTree = BUILT_PRODUCTS_DIR; };
		EC1A880D1D9603D60006463F /* CleanFlightUITests.m */ = {isa = PBXFileReference; lastKnownFileType = sourcecode.c.objc; path = CleanFlightUITests.m; sourceTree = "<group>"; };
		EC1A880F1D9603D60006463F /* Info.plist */ = {isa = PBXFileReference; lastKnownFileType = text.plist.xml; path = Info.plist; sourceTree = "<group>"; };
/* End PBXFileReference section */

/* Begin PBXFrameworksBuildPhase section */
		EC1A87DF1D9603D60006463F /* Frameworks */ = {
			isa = PBXFrameworksBuildPhase;
			buildActionMask = 2147483647;
			files = (
			);
			runOnlyForDeploymentPostprocessing = 0;
		};
		EC1A87FB1D9603D60006463F /* Frameworks */ = {
			isa = PBXFrameworksBuildPhase;
			buildActionMask = 2147483647;
			files = (
			);
			runOnlyForDeploymentPostprocessing = 0;
		};
		EC1A88061D9603D60006463F /* Frameworks */ = {
			isa = PBXFrameworksBuildPhase;
			buildActionMask = 2147483647;
			files = (
			);
			runOnlyForDeploymentPostprocessing = 0;
		};
/* End PBXFrameworksBuildPhase section */

/* Begin PBXGroup section */
		EC1A87D91D9603D60006463F = {
			isa = PBXGroup;
			children = (
				EC1A87E41D9603D60006463F /* CleanFlight */,
				EC1A88011D9603D60006463F /* CleanFlightTests */,
				EC1A880C1D9603D60006463F /* CleanFlightUITests */,
				EC1A87E31D9603D60006463F /* Products */,
			);
			sourceTree = "<group>";
		};
		EC1A87E31D9603D60006463F /* Products */ = {
			isa = PBXGroup;
			children = (
				EC1A87E21D9603D60006463F /* CleanFlight.app */,
				EC1A87FE1D9603D60006463F /* CleanFlightTests.xctest */,
				EC1A88091D9603D60006463F /* CleanFlightUITests.xctest */,
			);
			name = Products;
			sourceTree = "<group>";
		};
		EC1A87E41D9603D60006463F /* CleanFlight */ = {
			isa = PBXGroup;
			children = (
				EC1A87E81D9603D60006463F /* AppDelegate.h */,
				EC1A87E91D9603D60006463F /* AppDelegate.m */,
				EC1A87EB1D9603D60006463F /* MasterViewController.h */,
				EC1A87EC1D9603D60006463F /* MasterViewController.m */,
				EC1A87EE1D9603D60006463F /* DetailViewController.h */,
				EC1A87EF1D9603D60006463F /* DetailViewController.m */,
				EC1A87F11D9603D60006463F /* Main.storyboard */,
				EC1A87F41D9603D60006463F /* Assets.xcassets */,
				EC1A87F61D9603D60006463F /* LaunchScreen.storyboard */,
				EC1A87F91D9603D60006463F /* Info.plist */,
				EC1A87E51D9603D60006463F /* Supporting Files */,
			);
			path = CleanFlight;
			sourceTree = "<group>";
		};
		EC1A87E51D9603D60006463F /* Supporting Files */ = {
			isa = PBXGroup;
			children = (
				EC1A87E61D9603D60006463F /* main.m */,
			);
			name = "Supporting Files";
			sourceTree = "<group>";
		};
		EC1A88011D9603D60006463F /* CleanFlightTests */ = {
			isa = PBXGroup;
			children = (
				EC1A88021D9603D60006463F /* CleanFlightTests.m */,
				EC1A88041D9603D60006463F /* Info.plist */,
			);
			path = CleanFlightTests;
			sourceTree = "<group>";
		};
		EC1A880C1D9603D60006463F /* CleanFlightUITests */ = {
			isa = PBXGroup;
			children = (
				EC1A880D1D9603D60006463F /* CleanFlightUITests.m */,
				EC1A880F1D9603D60006463F /* Info.plist */,
			);
			path = CleanFlightUITests;
			sourceTree = "<group>";
		};
/* End PBXGroup section */

/* Begin PBXNativeTarget section */
		EC1A87E11D9603D60006463F /* CleanFlight */ = {
			isa = PBXNativeTarget;
			buildConfigurationList = EC1A88121D9603D60006463F /* Build configuration list for PBXNativeTarget "CleanFlight" */;
			buildPhases = (
				EC1A87DE1D9603D60006463F /* Sources */,
				EC1A87DF1D9603D60006463F /* Frameworks */,
				EC1A87E01D9603D60006463F /* Resources */,
			);
			buildRules = (
			);
			dependencies = (
			);
			name = CleanFlight;
			productName = CleanFlight;
			productReference = EC1A87E21D9603D60006463F /* CleanFlight.app */;
			productType = "com.apple.product-type.application";
		};
		EC1A87FD1D9603D60006463F /* CleanFlightTests */ = {
			isa = PBXNativeTarget;
			buildConfigurationList = EC1A88151D9603D60006463F /* Build configuration list for PBXNativeTarget "CleanFlightTests" */;
			buildPhases = (
				EC1A87FA1D9603D60006463F /* Sources */,
				EC1A87FB1D9603D60006463F /* Frameworks */,
				EC1A87FC1D9603D60006463F /* Resources */,
			);
			buildRules = (
			);
			dependencies = (
				EC1A88001D9603D60006463F /* PBXTargetDependency */,
			);
			name = CleanFlightTests;
			productName = CleanFlightTests;
			productReference = EC1A87FE1D9603D60006463F /* CleanFlightTests.xctest */;
			productType = "com.apple.product-type.bundle.unit-test";
		};
		EC1A88081D9603D60006463F /* CleanFlightUITests */ = {
			isa = PBXNativeTarget;
			buildConfigurationList = EC1A88181D9603D60006463F /* Build configuration list for PBXNativeTarget "CleanFlightUITests" */;
			buildPhases = (
				EC1A88051D9603D60006463F /* Sources */,
				EC1A88061D9603D60006463F /* Frameworks */,
				EC1A88071D9603D60006463F /* Resources */,
			);
			buildRules = (
			);
			dependencies = (
				EC1A880B1D9603D60006463F /* PBXTargetDependency */,
			);
			name = CleanFlightUITests;
			productName = CleanFlightUITests;
			productReference = EC1A88091D9603D60006463F /* CleanFlightUITests.xctest */;
			productType = "com.apple.product-type.bundle.ui-testing";
		};
/* End PBXNativeTarget section */

/* Begin PBXProject section */
		EC1A87DA1D9603D60006463F /* Project object */ = {
			isa = PBXProject;
			attributes = {
				LastUpgradeCheck = 0730;
				ORGANIZATIONNAME = "Clean-Flight";
				TargetAttributes = {
					EC1A87E11D9603D60006463F = {
						CreatedOnToolsVersion = 7.3;
						DevelopmentTeam = 99LS9K92V9;
					};
					EC1A87FD1D9603D60006463F = {
						CreatedOnToolsVersion = 7.3;
						DevelopmentTeam = 99LS9K92V9;
						TestTargetID = EC1A87E11D9603D60006463F;
					};
					EC1A88081D9603D60006463F = {
						CreatedOnToolsVersion = 7.3;
						DevelopmentTeam = 99LS9K92V9;
						TestTargetID = EC1A87E11D9603D60006463F;
					};
				};
			};
			buildConfigurationList = EC1A87DD1D9603D60006463F /* Build configuration list for PBXProject "CleanFlight" */;
			compatibilityVersion = "Xcode 3.2";
			developmentRegion = English;
			hasScannedForEncodings = 0;
			knownRegions = (
				en,
				Base,
			);
			mainGroup = EC1A87D91D9603D60006463F;
			productRefGroup = EC1A87E31D9603D60006463F /* Products */;
			projectDirPath = "";
			projectRoot = "";
			targets = (
				EC1A87E11D9603D60006463F /* CleanFlight */,
				EC1A87FD1D9603D60006463F /* CleanFlightTests */,
				EC1A88081D9603D60006463F /* CleanFlightUITests */,
			);
		};
/* End PBXProject section */

/* Begin PBXResourcesBuildPhase section */
		EC1A87E01D9603D60006463F /* Resources */ = {
			isa = PBXResourcesBuildPhase;
			buildActionMask = 2147483647;
			files = (
				EC1A87F81D9603D60006463F /* LaunchScreen.storyboard in Resources */,
				EC1A87F51D9603D60006463F /* Assets.xcassets in Resources */,
				EC1A87F31D9603D60006463F /* Main.storyboard in Resources */,
			);
			runOnlyForDeploymentPostprocessing = 0;
		};
		EC1A87FC1D9603D60006463F /* Resources */ = {
			isa = PBXResourcesBuildPhase;
			buildActionMask = 2147483647;
			files = (
			);
			runOnlyForDeploymentPostprocessing = 0;
		};
		EC1A88071D9603D60006463F /* Resources */ = {
			isa = PBXResourcesBuildPhase;
			buildActionMask = 2147483647;
			files = (
			);
			runOnlyForDeploymentPostprocessing = 0;
		};
/* End PBXResourcesBuildPhase section */

/* Begin PBXSourcesBuildPhase section */
		EC1A87DE1D9603D60006463F /* Sources */ = {
			isa = PBXSourcesBuildPhase;
			buildActionMask = 2147483647;
			files = (
				EC1A87EA1D9603D60006463F /* AppDelegate.m in Sources */,
				EC1A87ED1D9603D60006463F /* MasterViewController.m in Sources */,
				EC1A87E71D9603D60006463F /* main.m in Sources */,
				EC1A87F01D9603D60006463F /* DetailViewController.m in Sources */,
			);
			runOnlyForDeploymentPostprocessing = 0;
		};
		EC1A87FA1D9603D60006463F /* Sources */ = {
			isa = PBXSourcesBuildPhase;
			buildActionMask = 2147483647;
			files = (
				EC1A88031D9603D60006463F /* CleanFlightTests.m in Sources */,
			);
			runOnlyForDeploymentPostprocessing = 0;
		};
		EC1A88051D9603D60006463F /* Sources */ = {
			isa = PBXSourcesBuildPhase;
			buildActionMask = 2147483647;
			files = (
				EC1A880E1D9603D60006463F /* CleanFlightUITests.m in Sources */,
			);
			runOnlyForDeploymentPostprocessing = 0;
		};
/* End PBXSourcesBuildPhase section */

/* Begin PBXTargetDependency section */
		EC1A88001D9603D60006463F /* PBXTargetDependency */ = {
			isa = PBXTargetDependency;
			target = EC1A87E11D9603D60006463F /* CleanFlight */;
			targetProxy = EC1A87FF1D9603D60006463F /* PBXContainerItemProxy */;
		};
		EC1A880B1D9603D60006463F /* PBXTargetDependency */ = {
			isa = PBXTargetDependency;
			target = EC1A87E11D9603D60006463F /* CleanFlight */;
			targetProxy = EC1A880A1D9603D60006463F /* PBXContainerItemProxy */;
		};
/* End PBXTargetDependency section */

/* Begin PBXVariantGroup section */
		EC1A87F11D9603D60006463F /* Main.storyboard */ = {
			isa = PBXVariantGroup;
			children = (
				EC1A87F21D9603D60006463F /* Base */,
			);
			name = Main.storyboard;
			sourceTree = "<group>";
		};
		EC1A87F61D9603D60006463F /* LaunchScreen.storyboard */ = {
			isa = PBXVariantGroup;
			children = (
				EC1A87F71D9603D60006463F /* Base */,
			);
			name = LaunchScreen.storyboard;
			sourceTree = "<group>";
		};
/* End PBXVariantGroup section */

/* Begin XCBuildConfiguration section */
		EC1A88101D9603D60006463F /* Debug */ = {
			isa = XCBuildConfiguration;
			buildSettings = {
				ALWAYS_SEARCH_USER_PATHS = NO;
				CLANG_ANALYZER_NONNULL = YES;
				CLANG_CXX_LANGUAGE_STANDARD = "gnu++0x";
				CLANG_CXX_LIBRARY = "libc++";
				CLANG_ENABLE_MODULES = YES;
				CLANG_ENABLE_OBJC_ARC = YES;
				CLANG_WARN_BOOL_CONVERSION = YES;
				CLANG_WARN_CONSTANT_CONVERSION = YES;
				CLANG_WARN_DIRECT_OBJC_ISA_USAGE = YES_ERROR;
				CLANG_WARN_EMPTY_BODY = YES;
				CLANG_WARN_ENUM_CONVERSION = YES;
				CLANG_WARN_INT_CONVERSION = YES;
				CLANG_WARN_OBJC_ROOT_CLASS = YES_ERROR;
				CLANG_WARN_UNREACHABLE_CODE = YES;
				CLANG_WARN__DUPLICATE_METHOD_MATCH = YES;
				"CODE_SIGN_IDENTITY[sdk=iphoneos*]" = "iPhone Developer";
				COPY_PHASE_STRIP = NO;
				DEBUG_INFORMATION_FORMAT = dwarf;
				ENABLE_STRICT_OBJC_MSGSEND = YES;
				ENABLE_TESTABILITY = YES;
				GCC_C_LANGUAGE_STANDARD = gnu99;
				GCC_DYNAMIC_NO_PIC = NO;
				GCC_NO_COMMON_BLOCKS = YES;
				GCC_OPTIMIZATION_LEVEL = 0;
				GCC_PREPROCESSOR_DEFINITIONS = (
					"DEBUG=1",
					"$(inherited)",
				);
				GCC_WARN_64_TO_32_BIT_CONVERSION = YES;
				GCC_WARN_ABOUT_RETURN_TYPE = YES_ERROR;
				GCC_WARN_UNDECLARED_SELECTOR = YES;
				GCC_WARN_UNINITIALIZED_AUTOS = YES_AGGRESSIVE;
				GCC_WARN_UNUSED_FUNCTION = YES;
				GCC_WARN_UNUSED_VARIABLE = YES;
				IPHONEOS_DEPLOYMENT_TARGET = 9.3;
				MTL_ENABLE_DEBUG_INFO = YES;
				ONLY_ACTIVE_ARCH = YES;
				SDKROOT = iphoneos;
				TARGETED_DEVICE_FAMILY = "1,2";
			};
			name = Debug;
		};
		EC1A88111D9603D60006463F /* Release */ = {
			isa = XCBuildConfiguration;
			buildSettings = {
				ALWAYS_SEARCH_USER_PATHS = NO;
				CLANG_ANALYZER_NONNULL = YES;
				CLANG_CXX_LANGUAGE_STANDARD = "gnu++0x";
				CLANG_CXX_LIBRARY = "libc++";
				CLANG_ENABLE_MODULES = YES;
				CLANG_ENABLE_OBJC_ARC = YES;
				CLANG_WARN_BOOL_CONVERSION = YES;
				CLANG_WARN_CONSTANT_CONVERSION = YES;
				CLANG_WARN_DIRECT_OBJC_ISA_USAGE = YES_ERROR;
				CLANG_WARN_EMPTY_BODY = YES;
				CLANG_WARN_ENUM_CONVERSION = YES;
				CLANG_WARN_INT_CONVERSION = YES;
				CLANG_WARN_OBJC_ROOT_CLASS = YES_ERROR;
				CLANG_WARN_UNREACHABLE_CODE = YES;
				CLANG_WARN__DUPLICATE_METHOD_MATCH = YES;
				"CODE_SIGN_IDENTITY[sdk=iphoneos*]" = "iPhone Developer";
				COPY_PHASE_STRIP = NO;
				DEBUG_INFORMATION_FORMAT = "dwarf-with-dsym";
				ENABLE_NS_ASSERTIONS = NO;
				ENABLE_STRICT_OBJC_MSGSEND = YES;
				GCC_C_LANGUAGE_STANDARD = gnu99;
				GCC_NO_COMMON_BLOCKS = YES;
				GCC_WARN_64_TO_32_BIT_CONVERSION = YES;
				GCC_WARN_ABOUT_RETURN_TYPE = YES_ERROR;
				GCC_WARN_UNDECLARED_SELECTOR = YES;
				GCC_WARN_UNINITIALIZED_AUTOS = YES_AGGRESSIVE;
				GCC_WARN_UNUSED_FUNCTION = YES;
				GCC_WARN_UNUSED_VARIABLE = YES;
				IPHONEOS_DEPLOYMENT_TARGET = 9.3;
				MTL_ENABLE_DEBUG_INFO = NO;
				SDKROOT = iphoneos;
				TARGETED_DEVICE_FAMILY = "1,2";
				VALIDATE_PRODUCT = YES;
			};
			name = Release;
		};
		EC1A88131D9603D60006463F /* Debug */ = {
			isa = XCBuildConfiguration;
			buildSettings = {
				ASSETCATALOG_COMPILER_APPICON_NAME = AppIcon;
				CODE_SIGN_IDENTITY = "iPhone Developer";
				INFOPLIST_FILE = CleanFlight/Info.plist;
				LD_RUNPATH_SEARCH_PATHS = "$(inherited) @executable_path/Frameworks";
				PRODUCT_BUNDLE_IDENTIFIER = "Clean-Flight.CleanFlight";
				PRODUCT_NAME = "$(TARGET_NAME)";
			};
			name = Debug;
		};
		EC1A88141D9603D60006463F /* Release */ = {
			isa = XCBuildConfiguration;
			buildSettings = {
				ASSETCATALOG_COMPILER_APPICON_NAME = AppIcon;
				CODE_SIGN_IDENTITY = "iPhone Developer";
				INFOPLIST_FILE = CleanFlight/Info.plist;
				LD_RUNPATH_SEARCH_PATHS = "$(inherited) @executable_path/Frameworks";
				PRODUCT_BUNDLE_IDENTIFIER = "Clean-Flight.CleanFlight";
				PRODUCT_NAME = "$(TARGET_NAME)";
			};
			name = Release;
		};
		EC1A88161D9603D60006463F /* Debug */ = {
			isa = XCBuildConfiguration;
			buildSettings = {
				BUNDLE_LOADER = "$(TEST_HOST)";
				INFOPLIST_FILE = CleanFlightTests/Info.plist;
				LD_RUNPATH_SEARCH_PATHS = "$(inherited) @executable_path/Frameworks @loader_path/Frameworks";
				PRODUCT_BUNDLE_IDENTIFIER = "Clean-Flight.CleanFlightTests";
				PRODUCT_NAME = "$(TARGET_NAME)";
				TEST_HOST = "$(BUILT_PRODUCTS_DIR)/CleanFlight.app/CleanFlight";
			};
			name = Debug;
		};
		EC1A88171D9603D60006463F /* Release */ = {
			isa = XCBuildConfiguration;
			buildSettings = {
				BUNDLE_LOADER = "$(TEST_HOST)";
				INFOPLIST_FILE = CleanFlightTests/Info.plist;
				LD_RUNPATH_SEARCH_PATHS = "$(inherited) @executable_path/Frameworks @loader_path/Frameworks";
				PRODUCT_BUNDLE_IDENTIFIER = "Clean-Flight.CleanFlightTests";
				PRODUCT_NAME = "$(TARGET_NAME)";
				TEST_HOST = "$(BUILT_PRODUCTS_DIR)/CleanFlight.app/CleanFlight";
			};
			name = Release;
		};
		EC1A88191D9603D60006463F /* Debug */ = {
			isa = XCBuildConfiguration;
			buildSettings = {
				INFOPLIST_FILE = CleanFlightUITests/Info.plist;
				LD_RUNPATH_SEARCH_PATHS = "$(inherited) @executable_path/Frameworks @loader_path/Frameworks";
				PRODUCT_BUNDLE_IDENTIFIER = "Clean-Flight.CleanFlightUITests";
				PRODUCT_NAME = "$(TARGET_NAME)";
				TEST_TARGET_NAME = CleanFlight;
			};
			name = Debug;
		};
		EC1A881A1D9603D60006463F /* Release */ = {
			isa = XCBuildConfiguration;
			buildSettings = {
				INFOPLIST_FILE = CleanFlightUITests/Info.plist;
				LD_RUNPATH_SEARCH_PATHS = "$(inherited) @executable_path/Frameworks @loader_path/Frameworks";
				PRODUCT_BUNDLE_IDENTIFIER = "Clean-Flight.CleanFlightUITests";
				PRODUCT_NAME = "$(TARGET_NAME)";
				TEST_TARGET_NAME = CleanFlight;
			};
			name = Release;
		};
/* End XCBuildConfiguration section */

/* Begin XCConfigurationList section */
		EC1A87DD1D9603D60006463F /* Build configuration list for PBXProject "CleanFlight" */ = {
			isa = XCConfigurationList;
			buildConfigurations = (
				EC1A88101D9603D60006463F /* Debug */,
				EC1A88111D9603D60006463F /* Release */,
			);
			defaultConfigurationIsVisible = 0;
			defaultConfigurationName = Release;
		};
		EC1A88121D9603D60006463F /* Build configuration list for PBXNativeTarget "CleanFlight" */ = {
			isa = XCConfigurationList;
			buildConfigurations = (
				EC1A88131D9603D60006463F /* Debug */,
				EC1A88141D9603D60006463F /* Release */,
			);
			defaultConfigurationIsVisible = 0;
		};
		EC1A88151D9603D60006463F /* Build configuration list for PBXNativeTarget "CleanFlightTests" */ = {
			isa = XCConfigurationList;
			buildConfigurations = (
				EC1A88161D9603D60006463F /* Debug */,
				EC1A88171D9603D60006463F /* Release */,
			);
			defaultConfigurationIsVisible = 0;
		};
		EC1A88181D9603D60006463F /* Build configuration list for PBXNativeTarget "CleanFlightUITests" */ = {
			isa = XCConfigurationList;
			buildConfigurations = (
				EC1A88191D9603D60006463F /* Debug */,
				EC1A881A1D9603D60006463F /* Release */,
			);
			defaultConfigurationIsVisible = 0;
		};
/* End XCConfigurationList section */
	};
	rootObject = EC1A87DA1D9603D60006463F /* Project object */;
}
