// !$*UTF8*$!
{
	archiveVersion = 1;
	classes = {
	};
	objectVersion = 46;
	objects = {

/* Begin PBXBuildFile section */
		EC82DDD51D6FCAE3005E9135 /* AppDelegate.m in Sources */ = {isa = PBXBuildFile; fileRef = EC82DDD41D6FCAE3005E9135 /* AppDelegate.m */; };
		EC82DDD81D6FCAE3005E9135 /* main.m in Sources */ = {isa = PBXBuildFile; fileRef = EC82DDD71D6FCAE3005E9135 /* main.m */; };
		EC82DDDB1D6FCAE3005E9135 /* ViewController.m in Sources */ = {isa = PBXBuildFile; fileRef = EC82DDDA1D6FCAE3005E9135 /* ViewController.m */; };
		EC82DDE01D6FCAE3005E9135 /* Main.storyboard in Resources */ = {isa = PBXBuildFile; fileRef = EC82DDDE1D6FCAE3005E9135 /* Main.storyboard */; };
		EC82DDEB1D6FCAE3005E9135 /* Cleanflight_ConfiguratorTests.m in Sources */ = {isa = PBXBuildFile; fileRef = EC82DDEA1D6FCAE3005E9135 /* Cleanflight_ConfiguratorTests.m */; };
		EC82DDF61D6FCAE3005E9135 /* Cleanflight_ConfiguratorUITests.m in Sources */ = {isa = PBXBuildFile; fileRef = EC82DDF51D6FCAE3005E9135 /* Cleanflight_ConfiguratorUITests.m */; };
		EC8B09C81D71027D0092DD04 /* Assets.xcassets in Resources */ = {isa = PBXBuildFile; fileRef = EC82DDDC1D6FCAE3005E9135 /* Assets.xcassets */; };
/* End PBXBuildFile section */

/* Begin PBXContainerItemProxy section */
		EC82DDE71D6FCAE3005E9135 /* PBXContainerItemProxy */ = {
			isa = PBXContainerItemProxy;
			containerPortal = EC82DDC81D6FCAE3005E9135 /* Project object */;
			proxyType = 1;
			remoteGlobalIDString = EC82DDCF1D6FCAE3005E9135;
			remoteInfo = "Cleanflight Configurator";
		};
		EC82DDF21D6FCAE3005E9135 /* PBXContainerItemProxy */ = {
			isa = PBXContainerItemProxy;
			containerPortal = EC82DDC81D6FCAE3005E9135 /* Project object */;
			proxyType = 1;
			remoteGlobalIDString = EC82DDCF1D6FCAE3005E9135;
			remoteInfo = "Cleanflight Configurator";
		};
/* End PBXContainerItemProxy section */

/* Begin PBXFileReference section */
		EC82DDD01D6FCAE3005E9135 /* Cleanflight Configurator.app */ = {isa = PBXFileReference; explicitFileType = wrapper.application; includeInIndex = 0; path = "Cleanflight Configurator.app"; sourceTree = BUILT_PRODUCTS_DIR; };
		EC82DDD31D6FCAE3005E9135 /* AppDelegate.h */ = {isa = PBXFileReference; lastKnownFileType = sourcecode.c.h; path = AppDelegate.h; sourceTree = "<group>"; };
		EC82DDD41D6FCAE3005E9135 /* AppDelegate.m */ = {isa = PBXFileReference; lastKnownFileType = sourcecode.c.objc; path = AppDelegate.m; sourceTree = "<group>"; };
		EC82DDD71D6FCAE3005E9135 /* main.m */ = {isa = PBXFileReference; lastKnownFileType = sourcecode.c.objc; path = main.m; sourceTree = "<group>"; };
		EC82DDD91D6FCAE3005E9135 /* ViewController.h */ = {isa = PBXFileReference; lastKnownFileType = sourcecode.c.h; path = ViewController.h; sourceTree = "<group>"; };
		EC82DDDA1D6FCAE3005E9135 /* ViewController.m */ = {isa = PBXFileReference; lastKnownFileType = sourcecode.c.objc; path = ViewController.m; sourceTree = "<group>"; };
		EC82DDDC1D6FCAE3005E9135 /* Assets.xcassets */ = {isa = PBXFileReference; lastKnownFileType = folder.assetcatalog; path = Assets.xcassets; sourceTree = "<group>"; };
		EC82DDDF1D6FCAE3005E9135 /* Base */ = {isa = PBXFileReference; lastKnownFileType = file.storyboard; name = Base; path = Base.lproj/Main.storyboard; sourceTree = "<group>"; };
		EC82DDE11D6FCAE3005E9135 /* Info.plist */ = {isa = PBXFileReference; lastKnownFileType = text.plist.xml; path = Info.plist; sourceTree = "<group>"; };
		EC82DDE61D6FCAE3005E9135 /* Cleanflight ConfiguratorTests.xctest */ = {isa = PBXFileReference; explicitFileType = wrapper.cfbundle; includeInIndex = 0; path = "Cleanflight ConfiguratorTests.xctest"; sourceTree = BUILT_PRODUCTS_DIR; };
		EC82DDEA1D6FCAE3005E9135 /* Cleanflight_ConfiguratorTests.m */ = {isa = PBXFileReference; lastKnownFileType = sourcecode.c.objc; path = Cleanflight_ConfiguratorTests.m; sourceTree = "<group>"; };
		EC82DDEC1D6FCAE3005E9135 /* Info.plist */ = {isa = PBXFileReference; lastKnownFileType = text.plist.xml; path = Info.plist; sourceTree = "<group>"; };
		EC82DDF11D6FCAE3005E9135 /* Cleanflight ConfiguratorUITests.xctest */ = {isa = PBXFileReference; explicitFileType = wrapper.cfbundle; includeInIndex = 0; path = "Cleanflight ConfiguratorUITests.xctest"; sourceTree = BUILT_PRODUCTS_DIR; };
		EC82DDF51D6FCAE3005E9135 /* Cleanflight_ConfiguratorUITests.m */ = {isa = PBXFileReference; lastKnownFileType = sourcecode.c.objc; path = Cleanflight_ConfiguratorUITests.m; sourceTree = "<group>"; };
		EC82DDF71D6FCAE3005E9135 /* Info.plist */ = {isa = PBXFileReference; lastKnownFileType = text.plist.xml; path = Info.plist; sourceTree = "<group>"; };
/* End PBXFileReference section */

/* Begin PBXFrameworksBuildPhase section */
		EC82DDCD1D6FCAE3005E9135 /* Frameworks */ = {
			isa = PBXFrameworksBuildPhase;
			buildActionMask = 2147483647;
			files = (
			);
			runOnlyForDeploymentPostprocessing = 0;
		};
		EC82DDE31D6FCAE3005E9135 /* Frameworks */ = {
			isa = PBXFrameworksBuildPhase;
			buildActionMask = 2147483647;
			files = (
			);
			runOnlyForDeploymentPostprocessing = 0;
		};
		EC82DDEE1D6FCAE3005E9135 /* Frameworks */ = {
			isa = PBXFrameworksBuildPhase;
			buildActionMask = 2147483647;
			files = (
			);
			runOnlyForDeploymentPostprocessing = 0;
		};
/* End PBXFrameworksBuildPhase section */

/* Begin PBXGroup section */
		EC82DDC71D6FCAE3005E9135 = {
			isa = PBXGroup;
			children = (
				EC82DDD21D6FCAE3005E9135 /* Cleanflight Configurator */,
				EC82DDE91D6FCAE3005E9135 /* Cleanflight ConfiguratorTests */,
				EC82DDF41D6FCAE3005E9135 /* Cleanflight ConfiguratorUITests */,
				EC82DDD11D6FCAE3005E9135 /* Products */,
			);
			sourceTree = "<group>";
		};
		EC82DDD11D6FCAE3005E9135 /* Products */ = {
			isa = PBXGroup;
			children = (
				EC82DDD01D6FCAE3005E9135 /* Cleanflight Configurator.app */,
				EC82DDE61D6FCAE3005E9135 /* Cleanflight ConfiguratorTests.xctest */,
				EC82DDF11D6FCAE3005E9135 /* Cleanflight ConfiguratorUITests.xctest */,
			);
			name = Products;
			sourceTree = "<group>";
		};
		EC82DDD21D6FCAE3005E9135 /* Cleanflight Configurator */ = {
			isa = PBXGroup;
			children = (
				EC82DDD31D6FCAE3005E9135 /* AppDelegate.h */,
				EC82DDD41D6FCAE3005E9135 /* AppDelegate.m */,
				EC82DDD91D6FCAE3005E9135 /* ViewController.h */,
				EC82DDDA1D6FCAE3005E9135 /* ViewController.m */,
				EC82DDDC1D6FCAE3005E9135 /* Assets.xcassets */,
				EC82DDDE1D6FCAE3005E9135 /* Main.storyboard */,
				EC82DDE11D6FCAE3005E9135 /* Info.plist */,
				EC82DDD61D6FCAE3005E9135 /* Supporting Files */,
			);
			path = "Cleanflight Configurator";
			sourceTree = "<group>";
		};
		EC82DDD61D6FCAE3005E9135 /* Supporting Files */ = {
			isa = PBXGroup;
			children = (
				EC82DDD71D6FCAE3005E9135 /* main.m */,
			);
			name = "Supporting Files";
			sourceTree = "<group>";
		};
		EC82DDE91D6FCAE3005E9135 /* Cleanflight ConfiguratorTests */ = {
			isa = PBXGroup;
			children = (
				EC82DDEA1D6FCAE3005E9135 /* Cleanflight_ConfiguratorTests.m */,
				EC82DDEC1D6FCAE3005E9135 /* Info.plist */,
			);
			path = "Cleanflight ConfiguratorTests";
			sourceTree = "<group>";
		};
		EC82DDF41D6FCAE3005E9135 /* Cleanflight ConfiguratorUITests */ = {
			isa = PBXGroup;
			children = (
				EC82DDF51D6FCAE3005E9135 /* Cleanflight_ConfiguratorUITests.m */,
				EC82DDF71D6FCAE3005E9135 /* Info.plist */,
			);
			path = "Cleanflight ConfiguratorUITests";
			sourceTree = "<group>";
		};
/* End PBXGroup section */

/* Begin PBXNativeTarget section */
		EC82DDCF1D6FCAE3005E9135 /* Cleanflight Configurator */ = {
			isa = PBXNativeTarget;
			buildConfigurationList = EC82DDFA1D6FCAE3005E9135 /* Build configuration list for PBXNativeTarget "Cleanflight Configurator" */;
			buildPhases = (
				EC82DDCC1D6FCAE3005E9135 /* Sources */,
				EC82DDCD1D6FCAE3005E9135 /* Frameworks */,
				EC82DDCE1D6FCAE3005E9135 /* Resources */,
			);
			buildRules = (
			);
			dependencies = (
			);
			name = "Cleanflight Configurator";
			productName = "Cleanflight Configurator";
			productReference = EC82DDD01D6FCAE3005E9135 /* Cleanflight Configurator.app */;
			productType = "com.apple.product-type.application";
		};
		EC82DDE51D6FCAE3005E9135 /* Cleanflight ConfiguratorTests */ = {
			isa = PBXNativeTarget;
			buildConfigurationList = EC82DDFD1D6FCAE3005E9135 /* Build configuration list for PBXNativeTarget "Cleanflight ConfiguratorTests" */;
			buildPhases = (
				EC82DDE21D6FCAE3005E9135 /* Sources */,
				EC82DDE31D6FCAE3005E9135 /* Frameworks */,
				EC82DDE41D6FCAE3005E9135 /* Resources */,
			);
			buildRules = (
			);
			dependencies = (
				EC82DDE81D6FCAE3005E9135 /* PBXTargetDependency */,
			);
			name = "Cleanflight ConfiguratorTests";
			productName = "Cleanflight ConfiguratorTests";
			productReference = EC82DDE61D6FCAE3005E9135 /* Cleanflight ConfiguratorTests.xctest */;
			productType = "com.apple.product-type.bundle.unit-test";
		};
		EC82DDF01D6FCAE3005E9135 /* Cleanflight ConfiguratorUITests */ = {
			isa = PBXNativeTarget;
			buildConfigurationList = EC82DE001D6FCAE3005E9135 /* Build configuration list for PBXNativeTarget "Cleanflight ConfiguratorUITests" */;
			buildPhases = (
				EC82DDED1D6FCAE3005E9135 /* Sources */,
				EC82DDEE1D6FCAE3005E9135 /* Frameworks */,
				EC82DDEF1D6FCAE3005E9135 /* Resources */,
			);
			buildRules = (
			);
			dependencies = (
				EC82DDF31D6FCAE3005E9135 /* PBXTargetDependency */,
			);
			name = "Cleanflight ConfiguratorUITests";
			productName = "Cleanflight ConfiguratorUITests";
			productReference = EC82DDF11D6FCAE3005E9135 /* Cleanflight ConfiguratorUITests.xctest */;
			productType = "com.apple.product-type.bundle.ui-testing";
		};
/* End PBXNativeTarget section */

/* Begin PBXProject section */
		EC82DDC81D6FCAE3005E9135 /* Project object */ = {
			isa = PBXProject;
			attributes = {
				LastUpgradeCheck = 0730;
				ORGANIZATIONNAME = "Clean-Flight";
				TargetAttributes = {
					EC82DDCF1D6FCAE3005E9135 = {
						CreatedOnToolsVersion = 7.3;
						DevelopmentTeam = 99LS9K92V9;
					};
					EC82DDE51D6FCAE3005E9135 = {
						CreatedOnToolsVersion = 7.3;
						TestTargetID = EC82DDCF1D6FCAE3005E9135;
					};
					EC82DDF01D6FCAE3005E9135 = {
						CreatedOnToolsVersion = 7.3;
						TestTargetID = EC82DDCF1D6FCAE3005E9135;
					};
				};
			};
			buildConfigurationList = EC82DDCB1D6FCAE3005E9135 /* Build configuration list for PBXProject "Cleanflight Configurator" */;
			compatibilityVersion = "Xcode 3.2";
			developmentRegion = English;
			hasScannedForEncodings = 0;
			knownRegions = (
				en,
				Base,
			);
			mainGroup = EC82DDC71D6FCAE3005E9135;
			productRefGroup = EC82DDD11D6FCAE3005E9135 /* Products */;
			projectDirPath = "";
			projectRoot = "";
			targets = (
				EC82DDCF1D6FCAE3005E9135 /* Cleanflight Configurator */,
				EC82DDE51D6FCAE3005E9135 /* Cleanflight ConfiguratorTests */,
				EC82DDF01D6FCAE3005E9135 /* Cleanflight ConfiguratorUITests */,
			);
		};
/* End PBXProject section */

/* Begin PBXResourcesBuildPhase section */
		EC82DDCE1D6FCAE3005E9135 /* Resources */ = {
			isa = PBXResourcesBuildPhase;
			buildActionMask = 2147483647;
			files = (
				EC8B09C81D71027D0092DD04 /* Assets.xcassets in Resources */,
				EC82DDE01D6FCAE3005E9135 /* Main.storyboard in Resources */,
			);
			runOnlyForDeploymentPostprocessing = 0;
		};
		EC82DDE41D6FCAE3005E9135 /* Resources */ = {
			isa = PBXResourcesBuildPhase;
			buildActionMask = 2147483647;
			files = (
			);
			runOnlyForDeploymentPostprocessing = 0;
		};
		EC82DDEF1D6FCAE3005E9135 /* Resources */ = {
			isa = PBXResourcesBuildPhase;
			buildActionMask = 2147483647;
			files = (
			);
			runOnlyForDeploymentPostprocessing = 0;
		};
/* End PBXResourcesBuildPhase section */

/* Begin PBXSourcesBuildPhase section */
		EC82DDCC1D6FCAE3005E9135 /* Sources */ = {
			isa = PBXSourcesBuildPhase;
			buildActionMask = 2147483647;
			files = (
				EC82DDDB1D6FCAE3005E9135 /* ViewController.m in Sources */,
				EC82DDD81D6FCAE3005E9135 /* main.m in Sources */,
				EC82DDD51D6FCAE3005E9135 /* AppDelegate.m in Sources */,
			);
			runOnlyForDeploymentPostprocessing = 0;
		};
		EC82DDE21D6FCAE3005E9135 /* Sources */ = {
			isa = PBXSourcesBuildPhase;
			buildActionMask = 2147483647;
			files = (
				EC82DDEB1D6FCAE3005E9135 /* Cleanflight_ConfiguratorTests.m in Sources */,
			);
			runOnlyForDeploymentPostprocessing = 0;
		};
		EC82DDED1D6FCAE3005E9135 /* Sources */ = {
			isa = PBXSourcesBuildPhase;
			buildActionMask = 2147483647;
			files = (
				EC82DDF61D6FCAE3005E9135 /* Cleanflight_ConfiguratorUITests.m in Sources */,
			);
			runOnlyForDeploymentPostprocessing = 0;
		};
/* End PBXSourcesBuildPhase section */

/* Begin PBXTargetDependency section */
		EC82DDE81D6FCAE3005E9135 /* PBXTargetDependency */ = {
			isa = PBXTargetDependency;
			target = EC82DDCF1D6FCAE3005E9135 /* Cleanflight Configurator */;
			targetProxy = EC82DDE71D6FCAE3005E9135 /* PBXContainerItemProxy */;
		};
		EC82DDF31D6FCAE3005E9135 /* PBXTargetDependency */ = {
			isa = PBXTargetDependency;
			target = EC82DDCF1D6FCAE3005E9135 /* Cleanflight Configurator */;
			targetProxy = EC82DDF21D6FCAE3005E9135 /* PBXContainerItemProxy */;
		};
/* End PBXTargetDependency section */

/* Begin PBXVariantGroup section */
		EC82DDDE1D6FCAE3005E9135 /* Main.storyboard */ = {
			isa = PBXVariantGroup;
			children = (
				EC82DDDF1D6FCAE3005E9135 /* Base */,
			);
			name = Main.storyboard;
			sourceTree = "<group>";
		};
/* End PBXVariantGroup section */

/* Begin XCBuildConfiguration section */
		EC82DDF81D6FCAE3005E9135 /* Debug */ = {
			isa = XCBuildConfiguration;
			buildSettings = {
				ALWAYS_SEARCH_USER_PATHS = NO;
				CLANG_ANALYZER_NONNULL = YES;
				CLANG_CXX_LANGUAGE_STANDARD = "gnu++0x";
				CLANG_CXX_LIBRARY = "libc++";
				CLANG_ENABLE_MODULES = YES;
				CLANG_ENABLE_OBJC_ARC = YES;
				CLANG_WARN_BOOL_CONVERSION = YES;
				CLANG_WARN_CONSTANT_CONVERSION = YES;
				CLANG_WARN_DIRECT_OBJC_ISA_USAGE = YES_ERROR;
				CLANG_WARN_EMPTY_BODY = YES;
				CLANG_WARN_ENUM_CONVERSION = YES;
				CLANG_WARN_INT_CONVERSION = YES;
				CLANG_WARN_OBJC_ROOT_CLASS = YES_ERROR;
				CLANG_WARN_UNREACHABLE_CODE = YES;
				CLANG_WARN__DUPLICATE_METHOD_MATCH = YES;
				CODE_SIGN_IDENTITY = "-";
				COPY_PHASE_STRIP = NO;
				DEBUG_INFORMATION_FORMAT = dwarf;
				ENABLE_STRICT_OBJC_MSGSEND = YES;
				ENABLE_TESTABILITY = YES;
				GCC_C_LANGUAGE_STANDARD = gnu99;
				GCC_DYNAMIC_NO_PIC = NO;
				GCC_NO_COMMON_BLOCKS = YES;
				GCC_OPTIMIZATION_LEVEL = 0;
				GCC_PREPROCESSOR_DEFINITIONS = (
					"DEBUG=1",
					"$(inherited)",
				);
				GCC_WARN_64_TO_32_BIT_CONVERSION = YES;
				GCC_WARN_ABOUT_RETURN_TYPE = YES_ERROR;
				GCC_WARN_UNDECLARED_SELECTOR = YES;
				GCC_WARN_UNINITIALIZED_AUTOS = YES_AGGRESSIVE;
				GCC_WARN_UNUSED_FUNCTION = YES;
				GCC_WARN_UNUSED_VARIABLE = YES;
				MACOSX_DEPLOYMENT_TARGET = 10.11;
				MTL_ENABLE_DEBUG_INFO = YES;
				ONLY_ACTIVE_ARCH = YES;
				SDKROOT = macosx;
			};
			name = Debug;
		};
		EC82DDF91D6FCAE3005E9135 /* Release */ = {
			isa = XCBuildConfiguration;
			buildSettings = {
				ALWAYS_SEARCH_USER_PATHS = NO;
				CLANG_ANALYZER_NONNULL = YES;
				CLANG_CXX_LANGUAGE_STANDARD = "gnu++0x";
				CLANG_CXX_LIBRARY = "libc++";
				CLANG_ENABLE_MODULES = YES;
				CLANG_ENABLE_OBJC_ARC = YES;
				CLANG_WARN_BOOL_CONVERSION = YES;
				CLANG_WARN_CONSTANT_CONVERSION = YES;
				CLANG_WARN_DIRECT_OBJC_ISA_USAGE = YES_ERROR;
				CLANG_WARN_EMPTY_BODY = YES;
				CLANG_WARN_ENUM_CONVERSION = YES;
				CLANG_WARN_INT_CONVERSION = YES;
				CLANG_WARN_OBJC_ROOT_CLASS = YES_ERROR;
				CLANG_WARN_UNREACHABLE_CODE = YES;
				CLANG_WARN__DUPLICATE_METHOD_MATCH = YES;
				CODE_SIGN_IDENTITY = "-";
				COPY_PHASE_STRIP = NO;
				DEBUG_INFORMATION_FORMAT = "dwarf-with-dsym";
				ENABLE_NS_ASSERTIONS = NO;
				ENABLE_STRICT_OBJC_MSGSEND = YES;
				GCC_C_LANGUAGE_STANDARD = gnu99;
				GCC_NO_COMMON_BLOCKS = YES;
				GCC_WARN_64_TO_32_BIT_CONVERSION = YES;
				GCC_WARN_ABOUT_RETURN_TYPE = YES_ERROR;
				GCC_WARN_UNDECLARED_SELECTOR = YES;
				GCC_WARN_UNINITIALIZED_AUTOS = YES_AGGRESSIVE;
				GCC_WARN_UNUSED_FUNCTION = YES;
				GCC_WARN_UNUSED_VARIABLE = YES;
				MACOSX_DEPLOYMENT_TARGET = 10.11;
				MTL_ENABLE_DEBUG_INFO = NO;
				SDKROOT = macosx;
			};
			name = Release;
		};
		EC82DDFB1D6FCAE3005E9135 /* Debug */ = {
			isa = XCBuildConfiguration;
			buildSettings = {
				ASSETCATALOG_COMPILER_APPICON_NAME = AppIcon;
				CODE_SIGN_IDENTITY = "Mac Developer";
				COMBINE_HIDPI_IMAGES = YES;
				INFOPLIST_FILE = "Cleanflight Configurator/Info.plist";
				LD_RUNPATH_SEARCH_PATHS = "$(inherited) @executable_path/../Frameworks";
				MACOSX_DEPLOYMENT_TARGET = 10.7;
				PRODUCT_BUNDLE_IDENTIFIER = "Clean-Flight.Cleanflight-Configurator";
				PRODUCT_NAME = "$(TARGET_NAME)";
			};
			name = Debug;
		};
		EC82DDFC1D6FCAE3005E9135 /* Release */ = {
			isa = XCBuildConfiguration;
			buildSettings = {
				ASSETCATALOG_COMPILER_APPICON_NAME = AppIcon;
				CODE_SIGN_IDENTITY = "Mac Developer";
				COMBINE_HIDPI_IMAGES = YES;
				INFOPLIST_FILE = "Cleanflight Configurator/Info.plist";
				LD_RUNPATH_SEARCH_PATHS = "$(inherited) @executable_path/../Frameworks";
				MACOSX_DEPLOYMENT_TARGET = 10.7;
				PRODUCT_BUNDLE_IDENTIFIER = "Clean-Flight.Cleanflight-Configurator";
				PRODUCT_NAME = "$(TARGET_NAME)";
			};
			name = Release;
		};
		EC82DDFE1D6FCAE3005E9135 /* Debug */ = {
			isa = XCBuildConfiguration;
			buildSettings = {
				BUNDLE_LOADER = "$(TEST_HOST)";
				COMBINE_HIDPI_IMAGES = YES;
				INFOPLIST_FILE = "Cleanflight ConfiguratorTests/Info.plist";
				LD_RUNPATH_SEARCH_PATHS = "$(inherited) @executable_path/../Frameworks @loader_path/../Frameworks";
				PRODUCT_BUNDLE_IDENTIFIER = "Clean-Flight.Cleanflight-ConfiguratorTests";
				PRODUCT_NAME = "$(TARGET_NAME)";
				TEST_HOST = "$(BUILT_PRODUCTS_DIR)/Cleanflight Configurator.app/Contents/MacOS/Cleanflight Configurator";
			};
			name = Debug;
		};
		EC82DDFF1D6FCAE3005E9135 /* Release */ = {
			isa = XCBuildConfiguration;
			buildSettings = {
				BUNDLE_LOADER = "$(TEST_HOST)";
				COMBINE_HIDPI_IMAGES = YES;
				INFOPLIST_FILE = "Cleanflight ConfiguratorTests/Info.plist";
				LD_RUNPATH_SEARCH_PATHS = "$(inherited) @executable_path/../Frameworks @loader_path/../Frameworks";
				PRODUCT_BUNDLE_IDENTIFIER = "Clean-Flight.Cleanflight-ConfiguratorTests";
				PRODUCT_NAME = "$(TARGET_NAME)";
				TEST_HOST = "$(BUILT_PRODUCTS_DIR)/Cleanflight Configurator.app/Contents/MacOS/Cleanflight Configurator";
			};
			name = Release;
		};
		EC82DE011D6FCAE3005E9135 /* Debug */ = {
			isa = XCBuildConfiguration;
			buildSettings = {
				COMBINE_HIDPI_IMAGES = YES;
				INFOPLIST_FILE = "Cleanflight ConfiguratorUITests/Info.plist";
				LD_RUNPATH_SEARCH_PATHS = "$(inherited) @executable_path/../Frameworks @loader_path/../Frameworks";
				PRODUCT_BUNDLE_IDENTIFIER = "Clean-Flight.Cleanflight-ConfiguratorUITests";
				PRODUCT_NAME = "$(TARGET_NAME)";
				TEST_TARGET_NAME = "Cleanflight Configurator";
			};
			name = Debug;
		};
		EC82DE021D6FCAE3005E9135 /* Release */ = {
			isa = XCBuildConfiguration;
			buildSettings = {
				COMBINE_HIDPI_IMAGES = YES;
				INFOPLIST_FILE = "Cleanflight ConfiguratorUITests/Info.plist";
				LD_RUNPATH_SEARCH_PATHS = "$(inherited) @executable_path/../Frameworks @loader_path/../Frameworks";
				PRODUCT_BUNDLE_IDENTIFIER = "Clean-Flight.Cleanflight-ConfiguratorUITests";
				PRODUCT_NAME = "$(TARGET_NAME)";
				TEST_TARGET_NAME = "Cleanflight Configurator";
			};
			name = Release;
		};
/* End XCBuildConfiguration section */

/* Begin XCConfigurationList section */
		EC82DDCB1D6FCAE3005E9135 /* Build configuration list for PBXProject "Cleanflight Configurator" */ = {
			isa = XCConfigurationList;
			buildConfigurations = (
				EC82DDF81D6FCAE3005E9135 /* Debug */,
				EC82DDF91D6FCAE3005E9135 /* Release */,
			);
			defaultConfigurationIsVisible = 0;
			defaultConfigurationName = Release;
		};
		EC82DDFA1D6FCAE3005E9135 /* Build configuration list for PBXNativeTarget "Cleanflight Configurator" */ = {
			isa = XCConfigurationList;
			buildConfigurations = (
				EC82DDFB1D6FCAE3005E9135 /* Debug */,
				EC82DDFC1D6FCAE3005E9135 /* Release */,
			);
			defaultConfigurationIsVisible = 0;
			defaultConfigurationName = Release;
		};
		EC82DDFD1D6FCAE3005E9135 /* Build configuration list for PBXNativeTarget "Cleanflight ConfiguratorTests" */ = {
			isa = XCConfigurationList;
			buildConfigurations = (
				EC82DDFE1D6FCAE3005E9135 /* Debug */,
				EC82DDFF1D6FCAE3005E9135 /* Release */,
			);
			defaultConfigurationIsVisible = 0;
			defaultConfigurationName = Release;
		};
		EC82DE001D6FCAE3005E9135 /* Build configuration list for PBXNativeTarget "Cleanflight ConfiguratorUITests" */ = {
			isa = XCConfigurationList;
			buildConfigurations = (
				EC82DE011D6FCAE3005E9135 /* Debug */,
				EC82DE021D6FCAE3005E9135 /* Release */,
			);
			defaultConfigurationIsVisible = 0;
			defaultConfigurationName = Release;
		};
/* End XCConfigurationList section */
	};
	rootObject = EC82DDC81D6FCAE3005E9135 /* Project object */;
}
